// !$*UTF8*$!
{
	archiveVersion = 1;
	classes = {
	};
	objectVersion = 50;
	objects = {

/* Begin PBXBuildFile section */
		3C24B1F7259DDCA600A38D83 /* KeywordTVC.swift in Sources */ = {isa = PBXBuildFile; fileRef = 3C24B1F5259DDCA600A38D83 /* KeywordTVC.swift */; };
		3C24B1F8259DDCA600A38D83 /* KeywordTVC.xib in Resources */ = {isa = PBXBuildFile; fileRef = 3C24B1F6259DDCA600A38D83 /* KeywordTVC.xib */; };
		3C24B1FC259DE05000A38D83 /* KeywordCVC.swift in Sources */ = {isa = PBXBuildFile; fileRef = 3C24B1FA259DE04F00A38D83 /* KeywordCVC.swift */; };
		3C24B1FD259DE05000A38D83 /* KeywordCVC.xib in Resources */ = {isa = PBXBuildFile; fileRef = 3C24B1FB259DE05000A38D83 /* KeywordCVC.xib */; };
		3C429769259F16D10061483E /* KeywordTableViewCell.swift in Sources */ = {isa = PBXBuildFile; fileRef = 3C429767259F16D10061483E /* KeywordTableViewCell.swift */; };
		3C42976A259F16D10061483E /* KeywordTableViewCell.xib in Resources */ = {isa = PBXBuildFile; fileRef = 3C429768259F16D10061483E /* KeywordTableViewCell.xib */; };
		3C4CBF9625A386E90007A6FF /* NextKeywordVC.swift in Sources */ = {isa = PBXBuildFile; fileRef = 3C4CBF9525A386E90007A6FF /* NextKeywordVC.swift */; };
		3C5D94DD259D8B2700BF8DC9 /* KeywordSettingVC.swift in Sources */ = {isa = PBXBuildFile; fileRef = 3C5D94DC259D8B2700BF8DC9 /* KeywordSettingVC.swift */; };
		3CA3DBFA25A049F900DE9D8F /* MyAddKeywordTVC.swift in Sources */ = {isa = PBXBuildFile; fileRef = 3CA3DBF825A049F900DE9D8F /* MyAddKeywordTVC.swift */; };
		3CA3DBFB25A049F900DE9D8F /* MyAddKeywordTVC.xib in Resources */ = {isa = PBXBuildFile; fileRef = 3CA3DBF925A049F900DE9D8F /* MyAddKeywordTVC.xib */; };
		3CC86426259CAFCB0043421A /* Keyword.storyboard in Resources */ = {isa = PBXBuildFile; fileRef = 3CC86425259CAFCB0043421A /* Keyword.storyboard */; };
		3CC8642C259CAFEE0043421A /* KeywordPopUpVC.swift in Sources */ = {isa = PBXBuildFile; fileRef = 3CC8642B259CAFEE0043421A /* KeywordPopUpVC.swift */; };
		3CC86433259CCCB00043421A /* ContentCVC.swift in Sources */ = {isa = PBXBuildFile; fileRef = 3CC86431259CCCB00043421A /* ContentCVC.swift */; };
		3CC86434259CCCB00043421A /* ContentCVC.xib in Resources */ = {isa = PBXBuildFile; fileRef = 3CC86432259CCCB00043421A /* ContentCVC.xib */; };
		AE76C03E259B1A6D007B3901 /* AppDelegate.swift in Sources */ = {isa = PBXBuildFile; fileRef = AE76C03D259B1A6D007B3901 /* AppDelegate.swift */; };
		AE76C040259B1A6D007B3901 /* SceneDelegate.swift in Sources */ = {isa = PBXBuildFile; fileRef = AE76C03F259B1A6D007B3901 /* SceneDelegate.swift */; };
		AE76C047259B1A6E007B3901 /* Assets.xcassets in Resources */ = {isa = PBXBuildFile; fileRef = AE76C046259B1A6E007B3901 /* Assets.xcassets */; };
		AE76C04A259B1A6E007B3901 /* LaunchScreen.storyboard in Resources */ = {isa = PBXBuildFile; fileRef = AE76C048259B1A6E007B3901 /* LaunchScreen.storyboard */; };
		AEFB21F2259C46C500A3228C /* Tabbar.storyboard in Resources */ = {isa = PBXBuildFile; fileRef = AEFB21F1259C46C500A3228C /* Tabbar.storyboard */; };
		AEFB21F9259C5CB900A3228C /* TabbarController.swift in Sources */ = {isa = PBXBuildFile; fileRef = AEFB21F8259C5CB900A3228C /* TabbarController.swift */; };
		AEFB21FF259C66E800A3228C /* Daily.storyboard in Resources */ = {isa = PBXBuildFile; fileRef = AEFB21FE259C66E800A3228C /* Daily.storyboard */; };
		AEFB2202259C66F400A3228C /* Evaluation.storyboard in Resources */ = {isa = PBXBuildFile; fileRef = AEFB2201259C66F400A3228C /* Evaluation.storyboard */; };
		AEFB2205259C66FC00A3228C /* Mypage.storyboard in Resources */ = {isa = PBXBuildFile; fileRef = AEFB2204259C66FC00A3228C /* Mypage.storyboard */; };
		AEFB2210259C6C6A00A3228C /* DailyVC.swift in Sources */ = {isa = PBXBuildFile; fileRef = AEFB220F259C6C6900A3228C /* DailyVC.swift */; };
		AEFB2213259C6E2D00A3228C /* EvaluationVC.swift in Sources */ = {isa = PBXBuildFile; fileRef = AEFB2212259C6E2D00A3228C /* EvaluationVC.swift */; };
		AEFB2216259C6E6700A3228C /* MypageVC.swift in Sources */ = {isa = PBXBuildFile; fileRef = AEFB2215259C6E6700A3228C /* MypageVC.swift */; };
		AEFB221D259C918C00A3228C /* EditKeywordVC.swift in Sources */ = {isa = PBXBuildFile; fileRef = AEFB221C259C918C00A3228C /* EditKeywordVC.swift */; };
		AEFB222325A02CBC00A3228C /* Login.storyboard in Resources */ = {isa = PBXBuildFile; fileRef = AEFB222225A02CBC00A3228C /* Login.storyboard */; };
		AEFB222625A02CC900A3228C /* Goal.storyboard in Resources */ = {isa = PBXBuildFile; fileRef = AEFB222525A02CC900A3228C /* Goal.storyboard */; };
		DE91346025A309500045BDCE /* AddUserKeywordVC.swift in Sources */ = {isa = PBXBuildFile; fileRef = DE91345F25A309500045BDCE /* AddUserKeywordVC.swift */; };
		ED266029259EF02E00A376C0 /* EvaluationTabCVC.swift in Sources */ = {isa = PBXBuildFile; fileRef = ED266028259EF02E00A376C0 /* EvaluationTabCVC.swift */; };
		ED266030259EFAB200A376C0 /* RetrospectiveTabCVC.swift in Sources */ = {isa = PBXBuildFile; fileRef = ED26602F259EFAB200A376C0 /* RetrospectiveTabCVC.swift */; };
		ED266033259F019B00A376C0 /* EvaluationHeaderTVC.swift in Sources */ = {isa = PBXBuildFile; fileRef = ED266032259F019B00A376C0 /* EvaluationHeaderTVC.swift */; };
		ED266036259F032000A376C0 /* EvaluationKeywordTVC.swift in Sources */ = {isa = PBXBuildFile; fileRef = ED266035259F032000A376C0 /* EvaluationKeywordTVC.swift */; };
		EDAAEB7D25A01B550024E3E4 /* EvaluationDetailVC.swift in Sources */ = {isa = PBXBuildFile; fileRef = EDAAEB7C25A01B550024E3E4 /* EvaluationDetailVC.swift */; };
/* End PBXBuildFile section */

/* Begin PBXFileReference section */
		3C24B1F5259DDCA600A38D83 /* KeywordTVC.swift */ = {isa = PBXFileReference; lastKnownFileType = sourcecode.swift; path = KeywordTVC.swift; sourceTree = "<group>"; };
		3C24B1F6259DDCA600A38D83 /* KeywordTVC.xib */ = {isa = PBXFileReference; lastKnownFileType = file.xib; path = KeywordTVC.xib; sourceTree = "<group>"; };
		3C24B1FA259DE04F00A38D83 /* KeywordCVC.swift */ = {isa = PBXFileReference; lastKnownFileType = sourcecode.swift; path = KeywordCVC.swift; sourceTree = "<group>"; };
		3C24B1FB259DE05000A38D83 /* KeywordCVC.xib */ = {isa = PBXFileReference; lastKnownFileType = file.xib; path = KeywordCVC.xib; sourceTree = "<group>"; };
		3C429767259F16D10061483E /* KeywordTableViewCell.swift */ = {isa = PBXFileReference; lastKnownFileType = sourcecode.swift; path = KeywordTableViewCell.swift; sourceTree = "<group>"; };
		3C429768259F16D10061483E /* KeywordTableViewCell.xib */ = {isa = PBXFileReference; lastKnownFileType = file.xib; path = KeywordTableViewCell.xib; sourceTree = "<group>"; };
		3C4CBF9525A386E90007A6FF /* NextKeywordVC.swift */ = {isa = PBXFileReference; lastKnownFileType = sourcecode.swift; path = NextKeywordVC.swift; sourceTree = "<group>"; };
		3C5D94DC259D8B2700BF8DC9 /* KeywordSettingVC.swift */ = {isa = PBXFileReference; lastKnownFileType = sourcecode.swift; path = KeywordSettingVC.swift; sourceTree = "<group>"; };
		3CA3DBF825A049F900DE9D8F /* MyAddKeywordTVC.swift */ = {isa = PBXFileReference; lastKnownFileType = sourcecode.swift; path = MyAddKeywordTVC.swift; sourceTree = "<group>"; };
		3CA3DBF925A049F900DE9D8F /* MyAddKeywordTVC.xib */ = {isa = PBXFileReference; lastKnownFileType = file.xib; path = MyAddKeywordTVC.xib; sourceTree = "<group>"; };
		3CC86425259CAFCB0043421A /* Keyword.storyboard */ = {isa = PBXFileReference; fileEncoding = 4; lastKnownFileType = file.storyboard; path = Keyword.storyboard; sourceTree = "<group>"; };
		3CC8642B259CAFEE0043421A /* KeywordPopUpVC.swift */ = {isa = PBXFileReference; fileEncoding = 4; lastKnownFileType = sourcecode.swift; path = KeywordPopUpVC.swift; sourceTree = "<group>"; };
		3CC86431259CCCB00043421A /* ContentCVC.swift */ = {isa = PBXFileReference; lastKnownFileType = sourcecode.swift; path = ContentCVC.swift; sourceTree = "<group>"; };
		3CC86432259CCCB00043421A /* ContentCVC.xib */ = {isa = PBXFileReference; lastKnownFileType = file.xib; path = ContentCVC.xib; sourceTree = "<group>"; };
		AE76C03A259B1A6D007B3901 /* Mydaily_iOS.app */ = {isa = PBXFileReference; explicitFileType = wrapper.application; includeInIndex = 0; path = Mydaily_iOS.app; sourceTree = BUILT_PRODUCTS_DIR; };
		AE76C03D259B1A6D007B3901 /* AppDelegate.swift */ = {isa = PBXFileReference; lastKnownFileType = sourcecode.swift; path = AppDelegate.swift; sourceTree = "<group>"; };
		AE76C03F259B1A6D007B3901 /* SceneDelegate.swift */ = {isa = PBXFileReference; lastKnownFileType = sourcecode.swift; path = SceneDelegate.swift; sourceTree = "<group>"; };
		AE76C046259B1A6E007B3901 /* Assets.xcassets */ = {isa = PBXFileReference; lastKnownFileType = folder.assetcatalog; path = Assets.xcassets; sourceTree = "<group>"; };
		AE76C049259B1A6E007B3901 /* Base */ = {isa = PBXFileReference; lastKnownFileType = file.storyboard; name = Base; path = Base.lproj/LaunchScreen.storyboard; sourceTree = "<group>"; };
		AE76C04B259B1A6E007B3901 /* Info.plist */ = {isa = PBXFileReference; lastKnownFileType = text.plist.xml; path = Info.plist; sourceTree = "<group>"; };
		AEFB21F1259C46C500A3228C /* Tabbar.storyboard */ = {isa = PBXFileReference; lastKnownFileType = file.storyboard; path = Tabbar.storyboard; sourceTree = "<group>"; };
		AEFB21F8259C5CB900A3228C /* TabbarController.swift */ = {isa = PBXFileReference; lastKnownFileType = sourcecode.swift; path = TabbarController.swift; sourceTree = "<group>"; };
		AEFB21FE259C66E800A3228C /* Daily.storyboard */ = {isa = PBXFileReference; lastKnownFileType = file.storyboard; path = Daily.storyboard; sourceTree = "<group>"; };
		AEFB2201259C66F400A3228C /* Evaluation.storyboard */ = {isa = PBXFileReference; lastKnownFileType = file.storyboard; path = Evaluation.storyboard; sourceTree = "<group>"; };
		AEFB2204259C66FC00A3228C /* Mypage.storyboard */ = {isa = PBXFileReference; lastKnownFileType = file.storyboard; path = Mypage.storyboard; sourceTree = "<group>"; };
		AEFB220F259C6C6900A3228C /* DailyVC.swift */ = {isa = PBXFileReference; lastKnownFileType = sourcecode.swift; path = DailyVC.swift; sourceTree = "<group>"; };
		AEFB2212259C6E2D00A3228C /* EvaluationVC.swift */ = {isa = PBXFileReference; lastKnownFileType = sourcecode.swift; path = EvaluationVC.swift; sourceTree = "<group>"; };
		AEFB2215259C6E6700A3228C /* MypageVC.swift */ = {isa = PBXFileReference; lastKnownFileType = sourcecode.swift; path = MypageVC.swift; sourceTree = "<group>"; };
		AEFB221C259C918C00A3228C /* EditKeywordVC.swift */ = {isa = PBXFileReference; lastKnownFileType = sourcecode.swift; path = EditKeywordVC.swift; sourceTree = "<group>"; };
		AEFB222225A02CBC00A3228C /* Login.storyboard */ = {isa = PBXFileReference; lastKnownFileType = file.storyboard; path = Login.storyboard; sourceTree = "<group>"; };
		AEFB222525A02CC900A3228C /* Goal.storyboard */ = {isa = PBXFileReference; lastKnownFileType = file.storyboard; path = Goal.storyboard; sourceTree = "<group>"; };
		DE91345F25A309500045BDCE /* AddUserKeywordVC.swift */ = {isa = PBXFileReference; lastKnownFileType = sourcecode.swift; path = AddUserKeywordVC.swift; sourceTree = "<group>"; };
		ED266028259EF02E00A376C0 /* EvaluationTabCVC.swift */ = {isa = PBXFileReference; lastKnownFileType = sourcecode.swift; path = EvaluationTabCVC.swift; sourceTree = "<group>"; };
		ED26602F259EFAB200A376C0 /* RetrospectiveTabCVC.swift */ = {isa = PBXFileReference; lastKnownFileType = sourcecode.swift; path = RetrospectiveTabCVC.swift; sourceTree = "<group>"; };
		ED266032259F019B00A376C0 /* EvaluationHeaderTVC.swift */ = {isa = PBXFileReference; lastKnownFileType = sourcecode.swift; path = EvaluationHeaderTVC.swift; sourceTree = "<group>"; };
		ED266035259F032000A376C0 /* EvaluationKeywordTVC.swift */ = {isa = PBXFileReference; lastKnownFileType = sourcecode.swift; path = EvaluationKeywordTVC.swift; sourceTree = "<group>"; };
		EDAAEB7C25A01B550024E3E4 /* EvaluationDetailVC.swift */ = {isa = PBXFileReference; lastKnownFileType = sourcecode.swift; path = EvaluationDetailVC.swift; sourceTree = "<group>"; };
/* End PBXFileReference section */

/* Begin PBXFrameworksBuildPhase section */
		AE76C037259B1A6D007B3901 /* Frameworks */ = {
			isa = PBXFrameworksBuildPhase;
			buildActionMask = 2147483647;
			files = (
			);
			runOnlyForDeploymentPostprocessing = 0;
		};
/* End PBXFrameworksBuildPhase section */

/* Begin PBXGroup section */
		3CC86422259CAF8F0043421A /* KeywordScene */ = {
			isa = PBXGroup;
			children = (
				3CC86425259CAFCB0043421A /* Keyword.storyboard */,
				3CC8642E259CB0850043421A /* View */,
			);
			path = KeywordScene;
			sourceTree = "<group>";
		};
		3CC86423259CAF8F0043421A /* Cell */ = {
			isa = PBXGroup;
			children = (
				3CC86431259CCCB00043421A /* ContentCVC.swift */,
				3CC86432259CCCB00043421A /* ContentCVC.xib */,
				3C24B1F5259DDCA600A38D83 /* KeywordTVC.swift */,
				3C24B1F6259DDCA600A38D83 /* KeywordTVC.xib */,
				3C24B1FA259DE04F00A38D83 /* KeywordCVC.swift */,
				3C24B1FB259DE05000A38D83 /* KeywordCVC.xib */,
				3C429767259F16D10061483E /* KeywordTableViewCell.swift */,
				3C429768259F16D10061483E /* KeywordTableViewCell.xib */,
				3CA3DBF825A049F900DE9D8F /* MyAddKeywordTVC.swift */,
				3CA3DBF925A049F900DE9D8F /* MyAddKeywordTVC.xib */,
			);
			path = Cell;
			sourceTree = "<group>";
		};
		3CC86424259CAF8F0043421A /* VC */ = {
			isa = PBXGroup;
			children = (
				3CC8642B259CAFEE0043421A /* KeywordPopUpVC.swift */,
				3C5D94DC259D8B2700BF8DC9 /* KeywordSettingVC.swift */,
				DE91345F25A309500045BDCE /* AddUserKeywordVC.swift */,
				3C4CBF9525A386E90007A6FF /* NextKeywordVC.swift */,
			);
			path = VC;
			sourceTree = "<group>";
		};
		3CC8642E259CB0850043421A /* View */ = {
			isa = PBXGroup;
			children = (
				3CC86423259CAF8F0043421A /* Cell */,
				3CC86424259CAF8F0043421A /* VC */,
			);
			path = View;
			sourceTree = "<group>";
		};
		AE0C5E58259C46660059FA38 /* TabbarScene */ = {
			isa = PBXGroup;
			children = (
				AEFB21F1259C46C500A3228C /* Tabbar.storyboard */,
				AEFB21F5259C491600A3228C /* VC */,
			);
			path = TabbarScene;
			sourceTree = "<group>";
		};
		AE76C031259B1A6D007B3901 = {
			isa = PBXGroup;
			children = (
				AE76C03C259B1A6D007B3901 /* Mydaily_iOS */,
				AE76C03B259B1A6D007B3901 /* Products */,
			);
			sourceTree = "<group>";
		};
		AE76C03B259B1A6D007B3901 /* Products */ = {
			isa = PBXGroup;
			children = (
				AE76C03A259B1A6D007B3901 /* Mydaily_iOS.app */,
			);
			name = Products;
			sourceTree = "<group>";
		};
		AE76C03C259B1A6D007B3901 /* Mydaily_iOS */ = {
			isa = PBXGroup;
			children = (
				AE76C053259B1A89007B3901 /* Source */,
				AE76C052259B1A74007B3901 /* Resource */,
			);
			path = Mydaily_iOS;
			sourceTree = "<group>";
		};
		AE76C052259B1A74007B3901 /* Resource */ = {
			isa = PBXGroup;
			children = (
				AE76C046259B1A6E007B3901 /* Assets.xcassets */,
				AE76C048259B1A6E007B3901 /* LaunchScreen.storyboard */,
				AE76C04B259B1A6E007B3901 /* Info.plist */,
				AE76C03D259B1A6D007B3901 /* AppDelegate.swift */,
				AE76C03F259B1A6D007B3901 /* SceneDelegate.swift */,
			);
			path = Resource;
			sourceTree = "<group>";
		};
		AE76C053259B1A89007B3901 /* Source */ = {
			isa = PBXGroup;
			children = (
				3CC86422259CAF8F0043421A /* KeywordScene */,
				AEFB222025A02C8800A3228C /* LoginScene */,
				AEFB222125A02CA700A3228C /* GoalScene */,
				AEFB21FD259C631F00A3228C /* DailyScene */,
				AEFB21FC259C631D00A3228C /* EvaluationScene */,
				AEFB21FB259C631A00A3228C /* MypageScene */,
				AE0C5E58259C46660059FA38 /* TabbarScene */,
			);
			path = Source;
			sourceTree = "<group>";
		};
		AEFB21F5259C491600A3228C /* VC */ = {
			isa = PBXGroup;
			children = (
				AEFB21F8259C5CB900A3228C /* TabbarController.swift */,
			);
			path = VC;
			sourceTree = "<group>";
		};
		AEFB21FB259C631A00A3228C /* MypageScene */ = {
			isa = PBXGroup;
			children = (
				AEFB2204259C66FC00A3228C /* Mypage.storyboard */,
				AEFB2209259C671A00A3228C /* View */,
			);
			path = MypageScene;
			sourceTree = "<group>";
		};
		AEFB21FC259C631D00A3228C /* EvaluationScene */ = {
			isa = PBXGroup;
			children = (
				AEFB2201259C66F400A3228C /* Evaluation.storyboard */,
				AEFB2208259C670A00A3228C /* View */,
			);
			path = EvaluationScene;
			sourceTree = "<group>";
		};
		AEFB21FD259C631F00A3228C /* DailyScene */ = {
			isa = PBXGroup;
			children = (
				AEFB21FE259C66E800A3228C /* Daily.storyboard */,
				AEFB2207259C670000A3228C /* View */,
			);
			path = DailyScene;
			sourceTree = "<group>";
		};
		AEFB2207259C670000A3228C /* View */ = {
			isa = PBXGroup;
			children = (
				AEFB220A259C672500A3228C /* VC */,
			);
			path = View;
			sourceTree = "<group>";
		};
		AEFB2208259C670A00A3228C /* View */ = {
			isa = PBXGroup;
			children = (
				ED266024259EEF9E00A376C0 /* Cell */,
				AEFB220B259C672900A3228C /* VC */,
			);
			path = View;
			sourceTree = "<group>";
		};
		AEFB2209259C671A00A3228C /* View */ = {
			isa = PBXGroup;
			children = (
				AEFB220C259C672D00A3228C /* VC */,
			);
			path = View;
			sourceTree = "<group>";
		};
		AEFB220A259C672500A3228C /* VC */ = {
			isa = PBXGroup;
			children = (
				AEFB220F259C6C6900A3228C /* DailyVC.swift */,
			);
			path = VC;
			sourceTree = "<group>";
		};
		AEFB220B259C672900A3228C /* VC */ = {
			isa = PBXGroup;
			children = (
				AEFB2212259C6E2D00A3228C /* EvaluationVC.swift */,
				EDAAEB7C25A01B550024E3E4 /* EvaluationDetailVC.swift */,
			);
			path = VC;
			sourceTree = "<group>";
		};
		AEFB220C259C672D00A3228C /* VC */ = {
			isa = PBXGroup;
			children = (
				AEFB2215259C6E6700A3228C /* MypageVC.swift */,
				AEFB221C259C918C00A3228C /* EditKeywordVC.swift */,
			);
			path = VC;
			sourceTree = "<group>";
		};
		AEFB222025A02C8800A3228C /* LoginScene */ = {
			isa = PBXGroup;
			children = (
				AEFB222225A02CBC00A3228C /* Login.storyboard */,
			);
			path = LoginScene;
			sourceTree = "<group>";
		};
		AEFB222125A02CA700A3228C /* GoalScene */ = {
			isa = PBXGroup;
			children = (
				AEFB222525A02CC900A3228C /* Goal.storyboard */,
			);
			path = GoalScene;
			sourceTree = "<group>";
		};
		ED266024259EEF9E00A376C0 /* Cell */ = {
			isa = PBXGroup;
			children = (
				ED266039259F462500A376C0 /* CVC */,
				ED266038259F460200A376C0 /* TVC */,
			);
			path = Cell;
			sourceTree = "<group>";
		};
		ED266038259F460200A376C0 /* TVC */ = {
			isa = PBXGroup;
			children = (
				ED266032259F019B00A376C0 /* EvaluationHeaderTVC.swift */,
				ED266035259F032000A376C0 /* EvaluationKeywordTVC.swift */,
			);
			path = TVC;
			sourceTree = "<group>";
		};
		ED266039259F462500A376C0 /* CVC */ = {
			isa = PBXGroup;
			children = (
				ED266028259EF02E00A376C0 /* EvaluationTabCVC.swift */,
				ED26602F259EFAB200A376C0 /* RetrospectiveTabCVC.swift */,
			);
			path = CVC;
			sourceTree = "<group>";
		};
/* End PBXGroup section */

/* Begin PBXNativeTarget section */
		AE76C039259B1A6D007B3901 /* Mydaily_iOS */ = {
			isa = PBXNativeTarget;
			buildConfigurationList = AE76C04E259B1A6E007B3901 /* Build configuration list for PBXNativeTarget "Mydaily_iOS" */;
			buildPhases = (
				AE76C036259B1A6D007B3901 /* Sources */,
				AE76C037259B1A6D007B3901 /* Frameworks */,
				AE76C038259B1A6D007B3901 /* Resources */,
			);
			buildRules = (
			);
			dependencies = (
			);
			name = Mydaily_iOS;
			productName = Mydaily_iOS;
			productReference = AE76C03A259B1A6D007B3901 /* Mydaily_iOS.app */;
			productType = "com.apple.product-type.application";
		};
/* End PBXNativeTarget section */

/* Begin PBXProject section */
		AE76C032259B1A6D007B3901 /* Project object */ = {
			isa = PBXProject;
			attributes = {
				LastSwiftUpdateCheck = 1220;
				LastUpgradeCheck = 1220;
				TargetAttributes = {
					AE76C039259B1A6D007B3901 = {
						CreatedOnToolsVersion = 12.2;
					};
				};
			};
			buildConfigurationList = AE76C035259B1A6D007B3901 /* Build configuration list for PBXProject "Mydaily_iOS" */;
			compatibilityVersion = "Xcode 9.3";
			developmentRegion = en;
			hasScannedForEncodings = 0;
			knownRegions = (
				en,
				Base,
			);
			mainGroup = AE76C031259B1A6D007B3901;
			productRefGroup = AE76C03B259B1A6D007B3901 /* Products */;
			projectDirPath = "";
			projectRoot = "";
			targets = (
				AE76C039259B1A6D007B3901 /* Mydaily_iOS */,
			);
		};
/* End PBXProject section */

/* Begin PBXResourcesBuildPhase section */
		AE76C038259B1A6D007B3901 /* Resources */ = {
			isa = PBXResourcesBuildPhase;
			buildActionMask = 2147483647;
			files = (
				AEFB2202259C66F400A3228C /* Evaluation.storyboard in Resources */,
				AEFB222625A02CC900A3228C /* Goal.storyboard in Resources */,
				AEFB2205259C66FC00A3228C /* Mypage.storyboard in Resources */,
				AEFB222325A02CBC00A3228C /* Login.storyboard in Resources */,
				AEFB21F2259C46C500A3228C /* Tabbar.storyboard in Resources */,
				3C42976A259F16D10061483E /* KeywordTableViewCell.xib in Resources */,
				3CC86434259CCCB00043421A /* ContentCVC.xib in Resources */,
				3CA3DBFB25A049F900DE9D8F /* MyAddKeywordTVC.xib in Resources */,
				3CC86426259CAFCB0043421A /* Keyword.storyboard in Resources */,
				AE76C04A259B1A6E007B3901 /* LaunchScreen.storyboard in Resources */,
				3C24B1F8259DDCA600A38D83 /* KeywordTVC.xib in Resources */,
				AE76C047259B1A6E007B3901 /* Assets.xcassets in Resources */,
				3C24B1FD259DE05000A38D83 /* KeywordCVC.xib in Resources */,
				AEFB21FF259C66E800A3228C /* Daily.storyboard in Resources */,
			);
			runOnlyForDeploymentPostprocessing = 0;
		};
/* End PBXResourcesBuildPhase section */

/* Begin PBXSourcesBuildPhase section */
		AE76C036259B1A6D007B3901 /* Sources */ = {
			isa = PBXSourcesBuildPhase;
			buildActionMask = 2147483647;
			files = (
				3C5D94DD259D8B2700BF8DC9 /* KeywordSettingVC.swift in Sources */,
				3C24B1F7259DDCA600A38D83 /* KeywordTVC.swift in Sources */,
				AE76C03E259B1A6D007B3901 /* AppDelegate.swift in Sources */,
				3C4CBF9625A386E90007A6FF /* NextKeywordVC.swift in Sources */,
				3CC8642C259CAFEE0043421A /* KeywordPopUpVC.swift in Sources */,
				3C24B1FC259DE05000A38D83 /* KeywordCVC.swift in Sources */,
				3C429769259F16D10061483E /* KeywordTableViewCell.swift in Sources */,
				EDAAEB7D25A01B550024E3E4 /* EvaluationDetailVC.swift in Sources */,
				AEFB2210259C6C6A00A3228C /* DailyVC.swift in Sources */,
				AEFB221D259C918C00A3228C /* EditKeywordVC.swift in Sources */,
				AEFB21F9259C5CB900A3228C /* TabbarController.swift in Sources */,
				AEFB2216259C6E6700A3228C /* MypageVC.swift in Sources */,
				AEFB2213259C6E2D00A3228C /* EvaluationVC.swift in Sources */,
				3CC86433259CCCB00043421A /* ContentCVC.swift in Sources */,
				AE76C040259B1A6D007B3901 /* SceneDelegate.swift in Sources */,
				3CA3DBFA25A049F900DE9D8F /* MyAddKeywordTVC.swift in Sources */,
				ED266033259F019B00A376C0 /* EvaluationHeaderTVC.swift in Sources */,
				ED266036259F032000A376C0 /* EvaluationKeywordTVC.swift in Sources */,
				ED266030259EFAB200A376C0 /* RetrospectiveTabCVC.swift in Sources */,
				ED266029259EF02E00A376C0 /* EvaluationTabCVC.swift in Sources */,
				DE91346025A309500045BDCE /* AddUserKeywordVC.swift in Sources */,
			);
			runOnlyForDeploymentPostprocessing = 0;
		};
/* End PBXSourcesBuildPhase section */

/* Begin PBXVariantGroup section */
		AE76C048259B1A6E007B3901 /* LaunchScreen.storyboard */ = {
			isa = PBXVariantGroup;
			children = (
				AE76C049259B1A6E007B3901 /* Base */,
			);
			name = LaunchScreen.storyboard;
			sourceTree = "<group>";
		};
/* End PBXVariantGroup section */

/* Begin XCBuildConfiguration section */
		AE76C04C259B1A6E007B3901 /* Debug */ = {
			isa = XCBuildConfiguration;
			buildSettings = {
				ALWAYS_SEARCH_USER_PATHS = NO;
				CLANG_ANALYZER_NONNULL = YES;
				CLANG_ANALYZER_NUMBER_OBJECT_CONVERSION = YES_AGGRESSIVE;
				CLANG_CXX_LANGUAGE_STANDARD = "gnu++14";
				CLANG_CXX_LIBRARY = "libc++";
				CLANG_ENABLE_MODULES = YES;
				CLANG_ENABLE_OBJC_ARC = YES;
				CLANG_ENABLE_OBJC_WEAK = YES;
				CLANG_WARN_BLOCK_CAPTURE_AUTORELEASING = YES;
				CLANG_WARN_BOOL_CONVERSION = YES;
				CLANG_WARN_COMMA = YES;
				CLANG_WARN_CONSTANT_CONVERSION = YES;
				CLANG_WARN_DEPRECATED_OBJC_IMPLEMENTATIONS = YES;
				CLANG_WARN_DIRECT_OBJC_ISA_USAGE = YES_ERROR;
				CLANG_WARN_DOCUMENTATION_COMMENTS = YES;
				CLANG_WARN_EMPTY_BODY = YES;
				CLANG_WARN_ENUM_CONVERSION = YES;
				CLANG_WARN_INFINITE_RECURSION = YES;
				CLANG_WARN_INT_CONVERSION = YES;
				CLANG_WARN_NON_LITERAL_NULL_CONVERSION = YES;
				CLANG_WARN_OBJC_IMPLICIT_RETAIN_SELF = YES;
				CLANG_WARN_OBJC_LITERAL_CONVERSION = YES;
				CLANG_WARN_OBJC_ROOT_CLASS = YES_ERROR;
				CLANG_WARN_QUOTED_INCLUDE_IN_FRAMEWORK_HEADER = YES;
				CLANG_WARN_RANGE_LOOP_ANALYSIS = YES;
				CLANG_WARN_STRICT_PROTOTYPES = YES;
				CLANG_WARN_SUSPICIOUS_MOVE = YES;
				CLANG_WARN_UNGUARDED_AVAILABILITY = YES_AGGRESSIVE;
				CLANG_WARN_UNREACHABLE_CODE = YES;
				CLANG_WARN__DUPLICATE_METHOD_MATCH = YES;
				COPY_PHASE_STRIP = NO;
				DEBUG_INFORMATION_FORMAT = dwarf;
				ENABLE_STRICT_OBJC_MSGSEND = YES;
				ENABLE_TESTABILITY = YES;
				GCC_C_LANGUAGE_STANDARD = gnu11;
				GCC_DYNAMIC_NO_PIC = NO;
				GCC_NO_COMMON_BLOCKS = YES;
				GCC_OPTIMIZATION_LEVEL = 0;
				GCC_PREPROCESSOR_DEFINITIONS = (
					"DEBUG=1",
					"$(inherited)",
				);
				GCC_WARN_64_TO_32_BIT_CONVERSION = YES;
				GCC_WARN_ABOUT_RETURN_TYPE = YES_ERROR;
				GCC_WARN_UNDECLARED_SELECTOR = YES;
				GCC_WARN_UNINITIALIZED_AUTOS = YES_AGGRESSIVE;
				GCC_WARN_UNUSED_FUNCTION = YES;
				GCC_WARN_UNUSED_VARIABLE = YES;
				IPHONEOS_DEPLOYMENT_TARGET = 14.2;
				MTL_ENABLE_DEBUG_INFO = INCLUDE_SOURCE;
				MTL_FAST_MATH = YES;
				ONLY_ACTIVE_ARCH = YES;
				SDKROOT = iphoneos;
				SWIFT_ACTIVE_COMPILATION_CONDITIONS = DEBUG;
				SWIFT_OPTIMIZATION_LEVEL = "-Onone";
			};
			name = Debug;
		};
		AE76C04D259B1A6E007B3901 /* Release */ = {
			isa = XCBuildConfiguration;
			buildSettings = {
				ALWAYS_SEARCH_USER_PATHS = NO;
				CLANG_ANALYZER_NONNULL = YES;
				CLANG_ANALYZER_NUMBER_OBJECT_CONVERSION = YES_AGGRESSIVE;
				CLANG_CXX_LANGUAGE_STANDARD = "gnu++14";
				CLANG_CXX_LIBRARY = "libc++";
				CLANG_ENABLE_MODULES = YES;
				CLANG_ENABLE_OBJC_ARC = YES;
				CLANG_ENABLE_OBJC_WEAK = YES;
				CLANG_WARN_BLOCK_CAPTURE_AUTORELEASING = YES;
				CLANG_WARN_BOOL_CONVERSION = YES;
				CLANG_WARN_COMMA = YES;
				CLANG_WARN_CONSTANT_CONVERSION = YES;
				CLANG_WARN_DEPRECATED_OBJC_IMPLEMENTATIONS = YES;
				CLANG_WARN_DIRECT_OBJC_ISA_USAGE = YES_ERROR;
				CLANG_WARN_DOCUMENTATION_COMMENTS = YES;
				CLANG_WARN_EMPTY_BODY = YES;
				CLANG_WARN_ENUM_CONVERSION = YES;
				CLANG_WARN_INFINITE_RECURSION = YES;
				CLANG_WARN_INT_CONVERSION = YES;
				CLANG_WARN_NON_LITERAL_NULL_CONVERSION = YES;
				CLANG_WARN_OBJC_IMPLICIT_RETAIN_SELF = YES;
				CLANG_WARN_OBJC_LITERAL_CONVERSION = YES;
				CLANG_WARN_OBJC_ROOT_CLASS = YES_ERROR;
				CLANG_WARN_QUOTED_INCLUDE_IN_FRAMEWORK_HEADER = YES;
				CLANG_WARN_RANGE_LOOP_ANALYSIS = YES;
				CLANG_WARN_STRICT_PROTOTYPES = YES;
				CLANG_WARN_SUSPICIOUS_MOVE = YES;
				CLANG_WARN_UNGUARDED_AVAILABILITY = YES_AGGRESSIVE;
				CLANG_WARN_UNREACHABLE_CODE = YES;
				CLANG_WARN__DUPLICATE_METHOD_MATCH = YES;
				COPY_PHASE_STRIP = NO;
				DEBUG_INFORMATION_FORMAT = "dwarf-with-dsym";
				ENABLE_NS_ASSERTIONS = NO;
				ENABLE_STRICT_OBJC_MSGSEND = YES;
				GCC_C_LANGUAGE_STANDARD = gnu11;
				GCC_NO_COMMON_BLOCKS = YES;
				GCC_WARN_64_TO_32_BIT_CONVERSION = YES;
				GCC_WARN_ABOUT_RETURN_TYPE = YES_ERROR;
				GCC_WARN_UNDECLARED_SELECTOR = YES;
				GCC_WARN_UNINITIALIZED_AUTOS = YES_AGGRESSIVE;
				GCC_WARN_UNUSED_FUNCTION = YES;
				GCC_WARN_UNUSED_VARIABLE = YES;
				IPHONEOS_DEPLOYMENT_TARGET = 14.2;
				MTL_ENABLE_DEBUG_INFO = NO;
				MTL_FAST_MATH = YES;
				SDKROOT = iphoneos;
				SWIFT_COMPILATION_MODE = wholemodule;
				SWIFT_OPTIMIZATION_LEVEL = "-O";
				VALIDATE_PRODUCT = YES;
			};
			name = Release;
		};
		AE76C04F259B1A6E007B3901 /* Debug */ = {
			isa = XCBuildConfiguration;
			buildSettings = {
				ASSETCATALOG_COMPILER_APPICON_NAME = AppIcon;
				ASSETCATALOG_COMPILER_GLOBAL_ACCENT_COLOR_NAME = AccentColor;
				CODE_SIGN_STYLE = Automatic;
				INFOPLIST_FILE = Mydaily_iOS/Resource/Info.plist;
				LD_RUNPATH_SEARCH_PATHS = (
					"$(inherited)",
					"@executable_path/Frameworks",
				);
				PRODUCT_BUNDLE_IDENTIFIER = "com.ebadaq.Mydaily-iOS";
				PRODUCT_NAME = "$(TARGET_NAME)";
				SWIFT_VERSION = 5.0;
				TARGETED_DEVICE_FAMILY = "1,2";
			};
			name = Debug;
		};
		AE76C050259B1A6E007B3901 /* Release */ = {
			isa = XCBuildConfiguration;
			buildSettings = {
				ASSETCATALOG_COMPILER_APPICON_NAME = AppIcon;
				ASSETCATALOG_COMPILER_GLOBAL_ACCENT_COLOR_NAME = AccentColor;
				CODE_SIGN_STYLE = Automatic;
				INFOPLIST_FILE = Mydaily_iOS/Resource/Info.plist;
				LD_RUNPATH_SEARCH_PATHS = (
					"$(inherited)",
					"@executable_path/Frameworks",
				);
				PRODUCT_BUNDLE_IDENTIFIER = "com.ebadaq.Mydaily-iOS";
				PRODUCT_NAME = "$(TARGET_NAME)";
				SWIFT_VERSION = 5.0;
				TARGETED_DEVICE_FAMILY = "1,2";
			};
			name = Release;
		};
/* End XCBuildConfiguration section */

/* Begin XCConfigurationList section */
		AE76C035259B1A6D007B3901 /* Build configuration list for PBXProject "Mydaily_iOS" */ = {
			isa = XCConfigurationList;
			buildConfigurations = (
				AE76C04C259B1A6E007B3901 /* Debug */,
				AE76C04D259B1A6E007B3901 /* Release */,
			);
			defaultConfigurationIsVisible = 0;
			defaultConfigurationName = Release;
		};
		AE76C04E259B1A6E007B3901 /* Build configuration list for PBXNativeTarget "Mydaily_iOS" */ = {
			isa = XCConfigurationList;
			buildConfigurations = (
				AE76C04F259B1A6E007B3901 /* Debug */,
				AE76C050259B1A6E007B3901 /* Release */,
			);
			defaultConfigurationIsVisible = 0;
			defaultConfigurationName = Release;
		};
/* End XCConfigurationList section */
	};
	rootObject = AE76C032259B1A6D007B3901 /* Project object */;
}
